
Microsoft Visual Studio Solution File, Format Version 12.00
# Visual Studio Version 16
VisualStudioVersion = 16.0.31702.278
MinimumVisualStudioVersion = 10.0.40219.1
Project("{9A19103F-16F7-4668-BE54-9A1E7A4F7556}") = "AspNetMvc", "AspNetMvc\AspNetMvc.csproj", "{414B3D0B-7D96-44E0-A08E-6831140B0DDA}"
EndProject
Global
	GlobalSection(SolutionConfigurationPlatforms) = preSolution
		Debug|Any CPU = Debug|Any CPU
		Release|Any CPU = Release|Any CPU
	EndGlobalSection
	GlobalSection(ProjectConfigurationPlatforms) = postSolution
		{414B3D0B-7D96-44E0-A08E-6831140B0DDA}.Debug|Any CPU.ActiveCfg = Debug|Any CPU
		{414B3D0B-7D96-44E0-A08E-6831140B0DDA}.Debug|Any CPU.Build.0 = Debug|Any CPU
		{414B3D0B-7D96-44E0-A08E-6831140B0DDA}.Release|Any CPU.ActiveCfg = Release|Any CPU
		{414B3D0B-7D96-44E0-A08E-6831140B0DDA}.Release|Any CPU.Build.0 = Release|Any CPU
	EndGlobalSection
	GlobalSection(SolutionProperties) = preSolution
		HideSolutionNode = FALSE
	EndGlobalSection
	GlobalSection(ExtensibilityGlobals) = postSolution
		SolutionGuid = {BCC07C3B-3D45-40BF-97FA-94ABD3317D82}
	EndGlobalSection
EndGlobal
