
Microsoft Visual Studio Solution File, Format Version 12.00
# Visual Studio Version 16
VisualStudioVersion = 16.0.31702.278
MinimumVisualStudioVersion = 10.0.40219.1
Project("{FAE04EC0-301F-11D3-BF4B-00C04F79EFBC}") = "SdkStyleAspNetMvc5", "SdkStyleAspNetMvc5\SdkStyleAspNetMvc5.csproj", "{3BB1BBE7-E598-4AC0-9B15-9789A363F698}"
EndProject
Global
	GlobalSection(SolutionConfigurationPlatforms) = preSolution
		Debug|Any CPU = Debug|Any CPU
		Release|Any CPU = Release|Any CPU
	EndGlobalSection
	GlobalSection(ProjectConfigurationPlatforms) = postSolution
		{3BB1BBE7-E598-4AC0-9B15-9789A363F698}.Debug|Any CPU.ActiveCfg = Debug|Any CPU
		{3BB1BBE7-E598-4AC0-9B15-9789A363F698}.Debug|Any CPU.Build.0 = Debug|Any CPU
		{3BB1BBE7-E598-4AC0-9B15-9789A363F698}.Release|Any CPU.ActiveCfg = Release|Any CPU
		{3BB1BBE7-E598-4AC0-9B15-9789A363F698}.Release|Any CPU.Build.0 = Release|Any CPU
	EndGlobalSection
	GlobalSection(SolutionProperties) = preSolution
		HideSolutionNode = FALSE
	EndGlobalSection
	GlobalSection(ExtensibilityGlobals) = postSolution
		SolutionGuid = {BCC07C3B-3D45-40BF-97FA-94ABD3317D82}
	EndGlobalSection
EndGlobal
